
Microsoft Visual Studio Solution File, Format Version 12.00
# Visual Studio Version 16
VisualStudioVersion = 16.0.31025.194
MinimumVisualStudioVersion = 10.0.40219.1
Project("{FAE04EC0-301F-11D3-BF4B-00C04F79EFBC}") = "ListboxWinApp", "ListboxWinApp\ListboxWinApp.csproj", "{4EF98892-D3BC-41E1-AC50-09CA4BB1A47A}"
EndProject
Project("{FAE04EC0-301F-11D3-BF4B-00C04F79EFBC}") = "RestaurenteSelApp", "RestaurenteSelApp\RestaurenteSelApp.csproj", "{D8642BBF-DA3A-425A-B763-7418178682AB}"
EndProject
Project("{FAE04EC0-301F-11D3-BF4B-00C04F79EFBC}") = "TravelWishApp", "TravelWishApp\TravelWishApp.csproj", "{CA9045EA-EFAC-4646-87E4-FD0E78ABD9C2}"
EndProject
Global
	GlobalSection(SolutionConfigurationPlatforms) = preSolution
		Debug|Any CPU = Debug|Any CPU
		Release|Any CPU = Release|Any CPU
	EndGlobalSection
	GlobalSection(ProjectConfigurationPlatforms) = postSolution
		{4EF98892-D3BC-41E1-AC50-09CA4BB1A47A}.Debug|Any CPU.ActiveCfg = Debug|Any CPU
		{4EF98892-D3BC-41E1-AC50-09CA4BB1A47A}.Debug|Any CPU.Build.0 = Debug|Any CPU
		{4EF98892-D3BC-41E1-AC50-09CA4BB1A47A}.Release|Any CPU.ActiveCfg = Release|Any CPU
		{4EF98892-D3BC-41E1-AC50-09CA4BB1A47A}.Release|Any CPU.Build.0 = Release|Any CPU
		{D8642BBF-DA3A-425A-B763-7418178682AB}.Debug|Any CPU.ActiveCfg = Debug|Any CPU
		{D8642BBF-DA3A-425A-B763-7418178682AB}.Debug|Any CPU.Build.0 = Debug|Any CPU
		{D8642BBF-DA3A-425A-B763-7418178682AB}.Release|Any CPU.ActiveCfg = Release|Any CPU
		{D8642BBF-DA3A-425A-B763-7418178682AB}.Release|Any CPU.Build.0 = Release|Any CPU
		{CA9045EA-EFAC-4646-87E4-FD0E78ABD9C2}.Debug|Any CPU.ActiveCfg = Debug|Any CPU
		{CA9045EA-EFAC-4646-87E4-FD0E78ABD9C2}.Debug|Any CPU.Build.0 = Debug|Any CPU
		{CA9045EA-EFAC-4646-87E4-FD0E78ABD9C2}.Release|Any CPU.ActiveCfg = Release|Any CPU
		{CA9045EA-EFAC-4646-87E4-FD0E78ABD9C2}.Release|Any CPU.Build.0 = Release|Any CPU
	EndGlobalSection
	GlobalSection(SolutionProperties) = preSolution
		HideSolutionNode = FALSE
	EndGlobalSection
	GlobalSection(ExtensibilityGlobals) = postSolution
		SolutionGuid = {24F87BE9-6988-4F66-91AF-550950B73B9D}
	EndGlobalSection
EndGlobal
