
Microsoft Visual Studio Solution File, Format Version 12.00
# Visual Studio Version 16
VisualStudioVersion = 16.0.31025.194
MinimumVisualStudioVersion = 10.0.40219.1
Project("{FAE04EC0-301F-11D3-BF4B-00C04F79EFBC}") = "ListboxWinApp", "ListboxWinApp\ListboxWinApp.csproj", "{4EF98892-D3BC-41E1-AC50-09CA4BB1A47A}"
EndProject
Project("{FAE04EC0-301F-11D3-BF4B-00C04F79EFBC}") = "RestaurenteSelApp", "RestaurenteSelApp\RestaurenteSelApp.csproj", "{D8642BBF-DA3A-425A-B763-7418178682AB}"
EndProject
Project("{FAE04EC0-301F-11D3-BF4B-00C04F79EFBC}") = "TravelWishApp", "TravelWishApp\TravelWishApp.csproj", "{CA9045EA-EFAC-4646-87E4-FD0E78ABD9C2}"
EndProject
Project("{FAE04EC0-301F-11D3-BF4B-00C04F79EFBC}") = "ListViewApp", "ListViewApp\ListViewApp.csproj", "{3BFB3187-C2EA-4C58-B9F4-D77269981E06}"
EndProject
Project("{FAE04EC0-301F-11D3-BF4B-00C04F79EFBC}") = "StudyHistoryApp", "StudyHistoryApp\StudyHistoryApp.csproj", "{C69F48C8-CA4A-4825-A39D-D13B31C08782}"
EndProject
Project("{FAE04EC0-301F-11D3-BF4B-00C04F79EFBC}") = "DigitalClockApp", "DigitalClockApp\DigitalClockApp.csproj", "{C0F535C2-39A2-496B-B8F9-EC49F1206621}"
EndProject
Project("{FAE04EC0-301F-11D3-BF4B-00C04F79EFBC}") = "DateCalcApp", "DateCalcApp\DateCalcApp.csproj", "{9361BAF8-C5B8-4528-953E-C0ED1E2A112A}"
EndProject
Project("{FAE04EC0-301F-11D3-BF4B-00C04F79EFBC}") = "AlarmClockApp", "AlarmClockApp\AlarmClockApp.csproj", "{C3AF58DA-3692-48FA-A44B-910F3F8A3C51}"
EndProject
Project("{FAE04EC0-301F-11D3-BF4B-00C04F79EFBC}") = "MoviePlayerApp", "MoviePlayerApp\MoviePlayerApp.csproj", "{459D3CC7-0F1A-4583-A056-26770FBF0BA0}"
EndProject
Project("{FAE04EC0-301F-11D3-BF4B-00C04F79EFBC}") = "TextViewerApp", "TextViewerApp\TextViewerApp.csproj", "{5DCDCDE1-75F6-49A9-A37D-737951DB6CCC}"
EndProject
Project("{FAE04EC0-301F-11D3-BF4B-00C04F79EFBC}") = "SimpleGraphicEditor", "SimpleGraphicEditor\SimpleGraphicEditor.csproj", "{6AA33C7E-76A2-436E-8126-71C0FD456151}"
EndProject
Project("{FAE04EC0-301F-11D3-BF4B-00C04F79EFBC}") = "HelloWpfApp", "HelloWpfApp\HelloWpfApp.csproj", "{0CE9DC09-4CFD-4276-8C97-3C96BEA50378}"
EndProject
Project("{FAE04EC0-301F-11D3-BF4B-00C04F79EFBC}") = "WpfLayoutApp", "WpfLayoutApp\WpfLayoutApp.csproj", "{B030D384-105B-4F1E-9AC4-517217C30660}"
EndProject
Project("{FAE04EC0-301F-11D3-BF4B-00C04F79EFBC}") = "BmiCalcApp", "BmiCalcApp\BmiCalcApp.csproj", "{9D9265CF-A1A4-4834-8C0F-2591D995E15F}"
EndProject
Project("{FAE04EC0-301F-11D3-BF4B-00C04F79EFBC}") = "BlinkerApp", "BlinkerApp\BlinkerApp.csproj", "{7594057F-2506-4651-ACE9-69C20F31E811}"
EndProject
Global
	GlobalSection(SolutionConfigurationPlatforms) = preSolution
		Debug|Any CPU = Debug|Any CPU
		Release|Any CPU = Release|Any CPU
	EndGlobalSection
	GlobalSection(ProjectConfigurationPlatforms) = postSolution
		{4EF98892-D3BC-41E1-AC50-09CA4BB1A47A}.Debug|Any CPU.ActiveCfg = Debug|Any CPU
		{4EF98892-D3BC-41E1-AC50-09CA4BB1A47A}.Debug|Any CPU.Build.0 = Debug|Any CPU
		{4EF98892-D3BC-41E1-AC50-09CA4BB1A47A}.Release|Any CPU.ActiveCfg = Release|Any CPU
		{4EF98892-D3BC-41E1-AC50-09CA4BB1A47A}.Release|Any CPU.Build.0 = Release|Any CPU
		{D8642BBF-DA3A-425A-B763-7418178682AB}.Debug|Any CPU.ActiveCfg = Debug|Any CPU
		{D8642BBF-DA3A-425A-B763-7418178682AB}.Debug|Any CPU.Build.0 = Debug|Any CPU
		{D8642BBF-DA3A-425A-B763-7418178682AB}.Release|Any CPU.ActiveCfg = Release|Any CPU
		{D8642BBF-DA3A-425A-B763-7418178682AB}.Release|Any CPU.Build.0 = Release|Any CPU
		{CA9045EA-EFAC-4646-87E4-FD0E78ABD9C2}.Debug|Any CPU.ActiveCfg = Debug|Any CPU
		{CA9045EA-EFAC-4646-87E4-FD0E78ABD9C2}.Debug|Any CPU.Build.0 = Debug|Any CPU
		{CA9045EA-EFAC-4646-87E4-FD0E78ABD9C2}.Release|Any CPU.ActiveCfg = Release|Any CPU
		{CA9045EA-EFAC-4646-87E4-FD0E78ABD9C2}.Release|Any CPU.Build.0 = Release|Any CPU
		{3BFB3187-C2EA-4C58-B9F4-D77269981E06}.Debug|Any CPU.ActiveCfg = Debug|Any CPU
		{3BFB3187-C2EA-4C58-B9F4-D77269981E06}.Debug|Any CPU.Build.0 = Debug|Any CPU
		{3BFB3187-C2EA-4C58-B9F4-D77269981E06}.Release|Any CPU.ActiveCfg = Release|Any CPU
		{3BFB3187-C2EA-4C58-B9F4-D77269981E06}.Release|Any CPU.Build.0 = Release|Any CPU
		{C69F48C8-CA4A-4825-A39D-D13B31C08782}.Debug|Any CPU.ActiveCfg = Debug|Any CPU
		{C69F48C8-CA4A-4825-A39D-D13B31C08782}.Debug|Any CPU.Build.0 = Debug|Any CPU
		{C69F48C8-CA4A-4825-A39D-D13B31C08782}.Release|Any CPU.ActiveCfg = Release|Any CPU
		{C69F48C8-CA4A-4825-A39D-D13B31C08782}.Release|Any CPU.Build.0 = Release|Any CPU
		{C0F535C2-39A2-496B-B8F9-EC49F1206621}.Debug|Any CPU.ActiveCfg = Debug|Any CPU
		{C0F535C2-39A2-496B-B8F9-EC49F1206621}.Debug|Any CPU.Build.0 = Debug|Any CPU
		{C0F535C2-39A2-496B-B8F9-EC49F1206621}.Release|Any CPU.ActiveCfg = Release|Any CPU
		{C0F535C2-39A2-496B-B8F9-EC49F1206621}.Release|Any CPU.Build.0 = Release|Any CPU
		{9361BAF8-C5B8-4528-953E-C0ED1E2A112A}.Debug|Any CPU.ActiveCfg = Debug|Any CPU
		{9361BAF8-C5B8-4528-953E-C0ED1E2A112A}.Debug|Any CPU.Build.0 = Debug|Any CPU
		{9361BAF8-C5B8-4528-953E-C0ED1E2A112A}.Release|Any CPU.ActiveCfg = Release|Any CPU
		{9361BAF8-C5B8-4528-953E-C0ED1E2A112A}.Release|Any CPU.Build.0 = Release|Any CPU
		{C3AF58DA-3692-48FA-A44B-910F3F8A3C51}.Debug|Any CPU.ActiveCfg = Debug|Any CPU
		{C3AF58DA-3692-48FA-A44B-910F3F8A3C51}.Debug|Any CPU.Build.0 = Debug|Any CPU
		{C3AF58DA-3692-48FA-A44B-910F3F8A3C51}.Release|Any CPU.ActiveCfg = Release|Any CPU
		{C3AF58DA-3692-48FA-A44B-910F3F8A3C51}.Release|Any CPU.Build.0 = Release|Any CPU
		{459D3CC7-0F1A-4583-A056-26770FBF0BA0}.Debug|Any CPU.ActiveCfg = Debug|Any CPU
		{459D3CC7-0F1A-4583-A056-26770FBF0BA0}.Debug|Any CPU.Build.0 = Debug|Any CPU
		{459D3CC7-0F1A-4583-A056-26770FBF0BA0}.Release|Any CPU.ActiveCfg = Release|Any CPU
		{459D3CC7-0F1A-4583-A056-26770FBF0BA0}.Release|Any CPU.Build.0 = Release|Any CPU
		{5DCDCDE1-75F6-49A9-A37D-737951DB6CCC}.Debug|Any CPU.ActiveCfg = Debug|Any CPU
		{5DCDCDE1-75F6-49A9-A37D-737951DB6CCC}.Debug|Any CPU.Build.0 = Debug|Any CPU
		{5DCDCDE1-75F6-49A9-A37D-737951DB6CCC}.Release|Any CPU.ActiveCfg = Release|Any CPU
		{5DCDCDE1-75F6-49A9-A37D-737951DB6CCC}.Release|Any CPU.Build.0 = Release|Any CPU
		{6AA33C7E-76A2-436E-8126-71C0FD456151}.Debug|Any CPU.ActiveCfg = Debug|Any CPU
		{6AA33C7E-76A2-436E-8126-71C0FD456151}.Debug|Any CPU.Build.0 = Debug|Any CPU
		{6AA33C7E-76A2-436E-8126-71C0FD456151}.Release|Any CPU.ActiveCfg = Release|Any CPU
		{6AA33C7E-76A2-436E-8126-71C0FD456151}.Release|Any CPU.Build.0 = Release|Any CPU
		{0CE9DC09-4CFD-4276-8C97-3C96BEA50378}.Debug|Any CPU.ActiveCfg = Debug|Any CPU
		{0CE9DC09-4CFD-4276-8C97-3C96BEA50378}.Debug|Any CPU.Build.0 = Debug|Any CPU
		{0CE9DC09-4CFD-4276-8C97-3C96BEA50378}.Release|Any CPU.ActiveCfg = Release|Any CPU
		{0CE9DC09-4CFD-4276-8C97-3C96BEA50378}.Release|Any CPU.Build.0 = Release|Any CPU
		{B030D384-105B-4F1E-9AC4-517217C30660}.Debug|Any CPU.ActiveCfg = Debug|Any CPU
		{B030D384-105B-4F1E-9AC4-517217C30660}.Debug|Any CPU.Build.0 = Debug|Any CPU
		{B030D384-105B-4F1E-9AC4-517217C30660}.Release|Any CPU.ActiveCfg = Release|Any CPU
		{B030D384-105B-4F1E-9AC4-517217C30660}.Release|Any CPU.Build.0 = Release|Any CPU
		{9D9265CF-A1A4-4834-8C0F-2591D995E15F}.Debug|Any CPU.ActiveCfg = Debug|Any CPU
		{9D9265CF-A1A4-4834-8C0F-2591D995E15F}.Debug|Any CPU.Build.0 = Debug|Any CPU
		{9D9265CF-A1A4-4834-8C0F-2591D995E15F}.Release|Any CPU.ActiveCfg = Release|Any CPU
		{9D9265CF-A1A4-4834-8C0F-2591D995E15F}.Release|Any CPU.Build.0 = Release|Any CPU
		{7594057F-2506-4651-ACE9-69C20F31E811}.Debug|Any CPU.ActiveCfg = Debug|Any CPU
		{7594057F-2506-4651-ACE9-69C20F31E811}.Debug|Any CPU.Build.0 = Debug|Any CPU
		{7594057F-2506-4651-ACE9-69C20F31E811}.Release|Any CPU.ActiveCfg = Release|Any CPU
		{7594057F-2506-4651-ACE9-69C20F31E811}.Release|Any CPU.Build.0 = Release|Any CPU
	EndGlobalSection
	GlobalSection(SolutionProperties) = preSolution
		HideSolutionNode = FALSE
	EndGlobalSection
	GlobalSection(ExtensibilityGlobals) = postSolution
		SolutionGuid = {24F87BE9-6988-4F66-91AF-550950B73B9D}
	EndGlobalSection
EndGlobal
