
Microsoft Visual Studio Solution File, Format Version 12.00
# Visual Studio Version 16
VisualStudioVersion = 16.0.31025.194
MinimumVisualStudioVersion = 10.0.40219.1
Project("{FAE04EC0-301F-11D3-BF4B-00C04F79EFBC}") = "PracticeWinApp", "PracticeWinApp\PracticeWinApp.csproj", "{5B430D53-BAF6-4340-8DBB-264F1FC4FA49}"
EndProject
Project("{FAE04EC0-301F-11D3-BF4B-00C04F79EFBC}") = "LabelTestApp", "LabelTestApp\LabelTestApp.csproj", "{FC920151-5665-43BC-8E1C-75DACBA0C017}"
EndProject
Project("{FAE04EC0-301F-11D3-BF4B-00C04F79EFBC}") = "FlagWinApp", "FlagWinApp\FlagWinApp.csproj", "{47FE68B3-84E5-4024-BBAE-C51A2FE250C7}"
EndProject
Project("{FAE04EC0-301F-11D3-BF4B-00C04F79EFBC}") = "CheckBoxWinApp", "CheckBoxWinApp\CheckBoxWinApp.csproj", "{B0571245-CB62-4172-99D5-76CECF0FFDBA}"
EndProject
Global
	GlobalSection(SolutionConfigurationPlatforms) = preSolution
		Debug|Any CPU = Debug|Any CPU
		Release|Any CPU = Release|Any CPU
	EndGlobalSection
	GlobalSection(ProjectConfigurationPlatforms) = postSolution
		{5B430D53-BAF6-4340-8DBB-264F1FC4FA49}.Debug|Any CPU.ActiveCfg = Debug|Any CPU
		{5B430D53-BAF6-4340-8DBB-264F1FC4FA49}.Debug|Any CPU.Build.0 = Debug|Any CPU
		{5B430D53-BAF6-4340-8DBB-264F1FC4FA49}.Release|Any CPU.ActiveCfg = Release|Any CPU
		{5B430D53-BAF6-4340-8DBB-264F1FC4FA49}.Release|Any CPU.Build.0 = Release|Any CPU
		{FC920151-5665-43BC-8E1C-75DACBA0C017}.Debug|Any CPU.ActiveCfg = Debug|Any CPU
		{FC920151-5665-43BC-8E1C-75DACBA0C017}.Debug|Any CPU.Build.0 = Debug|Any CPU
		{FC920151-5665-43BC-8E1C-75DACBA0C017}.Release|Any CPU.ActiveCfg = Release|Any CPU
		{FC920151-5665-43BC-8E1C-75DACBA0C017}.Release|Any CPU.Build.0 = Release|Any CPU
		{47FE68B3-84E5-4024-BBAE-C51A2FE250C7}.Debug|Any CPU.ActiveCfg = Debug|Any CPU
		{47FE68B3-84E5-4024-BBAE-C51A2FE250C7}.Debug|Any CPU.Build.0 = Debug|Any CPU
		{47FE68B3-84E5-4024-BBAE-C51A2FE250C7}.Release|Any CPU.ActiveCfg = Release|Any CPU
		{47FE68B3-84E5-4024-BBAE-C51A2FE250C7}.Release|Any CPU.Build.0 = Release|Any CPU
		{B0571245-CB62-4172-99D5-76CECF0FFDBA}.Debug|Any CPU.ActiveCfg = Debug|Any CPU
		{B0571245-CB62-4172-99D5-76CECF0FFDBA}.Debug|Any CPU.Build.0 = Debug|Any CPU
		{B0571245-CB62-4172-99D5-76CECF0FFDBA}.Release|Any CPU.ActiveCfg = Release|Any CPU
		{B0571245-CB62-4172-99D5-76CECF0FFDBA}.Release|Any CPU.Build.0 = Release|Any CPU
	EndGlobalSection
	GlobalSection(SolutionProperties) = preSolution
		HideSolutionNode = FALSE
	EndGlobalSection
	GlobalSection(ExtensibilityGlobals) = postSolution
		SolutionGuid = {681EFF1B-B338-4DBB-80F4-B17FC7C744A1}
	EndGlobalSection
EndGlobal
