
Microsoft Visual Studio Solution File, Format Version 12.00
# Visual Studio Version 16
VisualStudioVersion = 16.0.31025.194
MinimumVisualStudioVersion = 10.0.40219.1
Project("{FAE04EC0-301F-11D3-BF4B-00C04F79EFBC}") = "WpfCalculatorApp", "WpfCalculatorApp\WpfCalculatorApp.csproj", "{72B9FEDD-45E6-4681-B5E3-EC3217B3BE6C}"
EndProject
Global
	GlobalSection(SolutionConfigurationPlatforms) = preSolution
		Debug|Any CPU = Debug|Any CPU
		Release|Any CPU = Release|Any CPU
	EndGlobalSection
	GlobalSection(ProjectConfigurationPlatforms) = postSolution
		{72B9FEDD-45E6-4681-B5E3-EC3217B3BE6C}.Debug|Any CPU.ActiveCfg = Debug|Any CPU
		{72B9FEDD-45E6-4681-B5E3-EC3217B3BE6C}.Debug|Any CPU.Build.0 = Debug|Any CPU
		{72B9FEDD-45E6-4681-B5E3-EC3217B3BE6C}.Release|Any CPU.ActiveCfg = Release|Any CPU
		{72B9FEDD-45E6-4681-B5E3-EC3217B3BE6C}.Release|Any CPU.Build.0 = Release|Any CPU
	EndGlobalSection
	GlobalSection(SolutionProperties) = preSolution
		HideSolutionNode = FALSE
	EndGlobalSection
	GlobalSection(ExtensibilityGlobals) = postSolution
		SolutionGuid = {FAA2F53B-860E-4785-A1E6-2E893E0BE308}
	EndGlobalSection
EndGlobal
