
Microsoft Visual Studio Solution File, Format Version 12.00
# Visual Studio Version 16
VisualStudioVersion = 16.0.31025.194
MinimumVisualStudioVersion = 10.0.40219.1
Project("{FAE04EC0-301F-11D3-BF4B-00C04F79EFBC}") = "WinCalculatorApp", "WinCalcuiatorApp\WinCalculatorApp.csproj", "{44FBE2A6-21AA-4BE5-BF23-6999AFA2CB11}"
EndProject
Global
	GlobalSection(SolutionConfigurationPlatforms) = preSolution
		Debug|Any CPU = Debug|Any CPU
		Release|Any CPU = Release|Any CPU
	EndGlobalSection
	GlobalSection(ProjectConfigurationPlatforms) = postSolution
		{44FBE2A6-21AA-4BE5-BF23-6999AFA2CB11}.Debug|Any CPU.ActiveCfg = Debug|Any CPU
		{44FBE2A6-21AA-4BE5-BF23-6999AFA2CB11}.Debug|Any CPU.Build.0 = Debug|Any CPU
		{44FBE2A6-21AA-4BE5-BF23-6999AFA2CB11}.Release|Any CPU.ActiveCfg = Release|Any CPU
		{44FBE2A6-21AA-4BE5-BF23-6999AFA2CB11}.Release|Any CPU.Build.0 = Release|Any CPU
	EndGlobalSection
	GlobalSection(SolutionProperties) = preSolution
		HideSolutionNode = FALSE
	EndGlobalSection
	GlobalSection(ExtensibilityGlobals) = postSolution
		SolutionGuid = {7C2B2670-4679-48AC-9939-C38C795AED83}
	EndGlobalSection
EndGlobal
